
Microsoft Visual Studio Solution File, Format Version 12.00
# Visual Studio Version 17
VisualStudioVersion = 17.4.33213.308
MinimumVisualStudioVersion = 10.0.40219.1
Project("{9A19103F-16F7-4668-BE54-9A1E7A4F7556}") = "StocksApp", "StocksApp\StocksApp.csproj", "{26763932-BB67-4333-8DF0-99A393F7AF2F}"
EndProject
Project("{FAE04EC0-301F-11D3-BF4B-00C04F79EFBC}") = "TestStock", "TestStock\TestStock.csproj", "{275483DF-CCCC-4A59-B1B9-E86B7CDD12DA}"
EndProject
Global
	GlobalSection(SolutionConfigurationPlatforms) = preSolution
		Debug|Any CPU = Debug|Any CPU
		Release|Any CPU = Release|Any CPU
	EndGlobalSection
	GlobalSection(ProjectConfigurationPlatforms) = postSolution
		{26763932-BB67-4333-8DF0-99A393F7AF2F}.Debug|Any CPU.ActiveCfg = Debug|Any CPU
		{26763932-BB67-4333-8DF0-99A393F7AF2F}.Debug|Any CPU.Build.0 = Debug|Any CPU
		{26763932-BB67-4333-8DF0-99A393F7AF2F}.Release|Any CPU.ActiveCfg = Release|Any CPU
		{26763932-BB67-4333-8DF0-99A393F7AF2F}.Release|Any CPU.Build.0 = Release|Any CPU
		{275483DF-CCCC-4A59-B1B9-E86B7CDD12DA}.Debug|Any CPU.ActiveCfg = Debug|Any CPU
		{275483DF-CCCC-4A59-B1B9-E86B7CDD12DA}.Debug|Any CPU.Build.0 = Debug|Any CPU
		{275483DF-CCCC-4A59-B1B9-E86B7CDD12DA}.Release|Any CPU.ActiveCfg = Release|Any CPU
		{275483DF-CCCC-4A59-B1B9-E86B7CDD12DA}.Release|Any CPU.Build.0 = Release|Any CPU
	EndGlobalSection
	GlobalSection(SolutionProperties) = preSolution
		HideSolutionNode = FALSE
	EndGlobalSection
	GlobalSection(ExtensibilityGlobals) = postSolution
		SolutionGuid = {1B11DFE3-807F-4B8A-89F2-040CA3E6A250}
	EndGlobalSection
EndGlobal
